
Microsoft Visual Studio Solution File, Format Version 12.00
# Visual Studio Version 17
VisualStudioVersion = 17.8.34408.163
MinimumVisualStudioVersion = 10.0.40219.1
Project("{FAE04EC0-301F-11D3-BF4B-00C04F79EFBC}") = "Labb 3 – Anropa databasen Linus Aspelöf SUT23", "Labb 3 – Anropa databasen Linus Aspelöf SUT23\Labb 3 – Anropa databasen Linus Aspelöf SUT23.csproj", "{C803BC7F-8295-4C65-99B5-792031D4C72E}"
EndProject
Global
	GlobalSection(SolutionConfigurationPlatforms) = preSolution
		Debug|Any CPU = Debug|Any CPU
		Release|Any CPU = Release|Any CPU
	EndGlobalSection
	GlobalSection(ProjectConfigurationPlatforms) = postSolution
		{C803BC7F-8295-4C65-99B5-792031D4C72E}.Debug|Any CPU.ActiveCfg = Debug|Any CPU
		{C803BC7F-8295-4C65-99B5-792031D4C72E}.Debug|Any CPU.Build.0 = Debug|Any CPU
		{C803BC7F-8295-4C65-99B5-792031D4C72E}.Release|Any CPU.ActiveCfg = Release|Any CPU
		{C803BC7F-8295-4C65-99B5-792031D4C72E}.Release|Any CPU.Build.0 = Release|Any CPU
	EndGlobalSection
	GlobalSection(SolutionProperties) = preSolution
		HideSolutionNode = FALSE
	EndGlobalSection
	GlobalSection(ExtensibilityGlobals) = postSolution
		SolutionGuid = {C91F7D90-25F8-4F55-80B5-F16272D76214}
	EndGlobalSection
EndGlobal
